{
  "originHash" : "4d5b735fb4ce761349124a905586c7ffe2d7474b2b2a43b5c210bec311d7c12f",
  "pins" : [
    {
      "identity" : "swiftopenai",
      "kind" : "remoteSourceControl",
      "location" : "https://github.com/jamesrochabrun/SwiftOpenAI",
      "state" : {
        "revision" : "180790b46e263ddfd9fa927545ad06ef6ce6d365",
        "version" : "4.1.0"
      }
    }
  ],
  "version" : 3
}
