// !$*UTF8*$!
{
	archiveVersion = 1;
	classes = {
	};
	objectVersion = 77;
	objects = {

/* Begin PBXContainerItemProxy section */
		404383222DC05A5400BE36C0 /* PBXContainerItemProxy */ = {
			isa = PBXContainerItemProxy;
			containerPortal = 4043830B2DC05A5300BE36C0 /* Project object */;
			proxyType = 1;
			remoteGlobalIDString = 404383122DC05A5300BE36C0;
			remoteInfo = hopscotch;
		};
		4043832C2DC05A5400BE36C0 /* PBXContainerItemProxy */ = {
			isa = PBXContainerItemProxy;
			containerPortal = 4043830B2DC05A5300BE36C0 /* Project object */;
			proxyType = 1;
			remoteGlobalIDString = 404383122DC05A5300BE36C0;
			remoteInfo = hopscotch;
		};
/* End PBXContainerItemProxy section */

/* Begin PBXFileReference section */
		404383132DC05A5300BE36C0 /* hopscotch.app */ = {isa = PBXFileReference; explicitFileType = wrapper.application; includeInIndex = 0; path = hopscotch.app; sourceTree = BUILT_PRODUCTS_DIR; };
		404383212DC05A5400BE36C0 /* hopscotchTests.xctest */ = {isa = PBXFileReference; explicitFileType = wrapper.cfbundle; includeInIndex = 0; path = hopscotchTests.xctest; sourceTree = BUILT_PRODUCTS_DIR; };
		4043832B2DC05A5400BE36C0 /* hopscotchUITests.xctest */ = {isa = PBXFileReference; explicitFileType = wrapper.cfbundle; includeInIndex = 0; path = hopscotchUITests.xctest; sourceTree = BUILT_PRODUCTS_DIR; };
/* End PBXFileReference section */

/* Begin PBXFileSystemSynchronizedRootGroup section */
		404383152DC05A5300BE36C0 /* hopscotch */ = {
			isa = PBXFileSystemSynchronizedRootGroup;
			path = hopscotch;
			sourceTree = "<group>";
		};
		404383242DC05A5400BE36C0 /* hopscotchTests */ = {
			isa = PBXFileSystemSynchronizedRootGroup;
			path = hopscotchTests;
			sourceTree = "<group>";
		};
		4043832E2DC05A5400BE36C0 /* hopscotchUITests */ = {
			isa = PBXFileSystemSynchronizedRootGroup;
			path = hopscotchUITests;
			sourceTree = "<group>";
		};
/* End PBXFileSystemSynchronizedRootGroup section */

/* Begin PBXFrameworksBuildPhase section */
		404383102DC05A5300BE36C0 /* Frameworks */ = {
			isa = PBXFrameworksBuildPhase;
			buildActionMask = 2147483647;
			files = (
			);
			runOnlyForDeploymentPostprocessing = 0;
		};
		4043831E2DC05A5400BE36C0 /* Frameworks */ = {
			isa = PBXFrameworksBuildPhase;
			buildActionMask = 2147483647;
			files = (
			);
			runOnlyForDeploymentPostprocessing = 0;
		};
		404383282DC05A5400BE36C0 /* Frameworks */ = {
			isa = PBXFrameworksBuildPhase;
			buildActionMask = 2147483647;
			files = (
			);
			runOnlyForDeploymentPostprocessing = 0;
		};
/* End PBXFrameworksBuildPhase section */

/* Begin PBXGroup section */
		4043830A2DC05A5300BE36C0 = {
			isa = PBXGroup;
			children = (
				404383152DC05A5300BE36C0 /* hopscotch */,
				404383242DC05A5400BE36C0 /* hopscotchTests */,
				4043832E2DC05A5400BE36C0 /* hopscotchUITests */,
				404383142DC05A5300BE36C0 /* Products */,
			);
			sourceTree = "<group>";
		};
		404383142DC05A5300BE36C0 /* Products */ = {
			isa = PBXGroup;
			children = (
				404383132DC05A5300BE36C0 /* hopscotch.app */,
				404383212DC05A5400BE36C0 /* hopscotchTests.xctest */,
				4043832B2DC05A5400BE36C0 /* hopscotchUITests.xctest */,
			);
			name = Products;
			sourceTree = "<group>";
		};
/* End PBXGroup section */

/* Begin PBXNativeTarget section */
		404383122DC05A5300BE36C0 /* hopscotch */ = {
			isa = PBXNativeTarget;
			buildConfigurationList = 404383352DC05A5400BE36C0 /* Build configuration list for PBXNativeTarget "hopscotch" */;
			buildPhases = (
				4043830F2DC05A5300BE36C0 /* Sources */,
				404383102DC05A5300BE36C0 /* Frameworks */,
				404383112DC05A5300BE36C0 /* Resources */,
			);
			buildRules = (
			);
			dependencies = (
			);
			fileSystemSynchronizedGroups = (
				404383152DC05A5300BE36C0 /* hopscotch */,
			);
			name = hopscotch;
			packageProductDependencies = (
			);
			productName = hopscotch;
			productReference = 404383132DC05A5300BE36C0 /* hopscotch.app */;
			productType = "com.apple.product-type.application";
		};
		404383202DC05A5400BE36C0 /* hopscotchTests */ = {
			isa = PBXNativeTarget;
			buildConfigurationList = 404383382DC05A5400BE36C0 /* Build configuration list for PBXNativeTarget "hopscotchTests" */;
			buildPhases = (
				4043831D2DC05A5400BE36C0 /* Sources */,
				4043831E2DC05A5400BE36C0 /* Frameworks */,
				4043831F2DC05A5400BE36C0 /* Resources */,
			);
			buildRules = (
			);
			dependencies = (
				404383232DC05A5400BE36C0 /* PBXTargetDependency */,
			);
			fileSystemSynchronizedGroups = (
				404383242DC05A5400BE36C0 /* hopscotchTests */,
			);
			name = hopscotchTests;
			packageProductDependencies = (
			);
			productName = hopscotchTests;
			productReference = 404383212DC05A5400BE36C0 /* hopscotchTests.xctest */;
			productType = "com.apple.product-type.bundle.unit-test";
		};
		4043832A2DC05A5400BE36C0 /* hopscotchUITests */ = {
			isa = PBXNativeTarget;
			buildConfigurationList = 4043833B2DC05A5400BE36C0 /* Build configuration list for PBXNativeTarget "hopscotchUITests" */;
			buildPhases = (
				404383272DC05A5400BE36C0 /* Sources */,
				404383282DC05A5400BE36C0 /* Frameworks */,
				404383292DC05A5400BE36C0 /* Resources */,
			);
			buildRules = (
			);
			dependencies = (
				4043832D2DC05A5400BE36C0 /* PBXTargetDependency */,
			);
			fileSystemSynchronizedGroups = (
				4043832E2DC05A5400BE36C0 /* hopscotchUITests */,
			);
			name = hopscotchUITests;
			packageProductDependencies = (
			);
			productName = hopscotchUITests;
			productReference = 4043832B2DC05A5400BE36C0 /* hopscotchUITests.xctest */;
			productType = "com.apple.product-type.bundle.ui-testing";
		};
/* End PBXNativeTarget section */

/* Begin PBXProject section */
		4043830B2DC05A5300BE36C0 /* Project object */ = {
			isa = PBXProject;
			attributes = {
				BuildIndependentTargetsInParallel = 1;
				LastSwiftUpdateCheck = 1630;
				LastUpgradeCheck = 1630;
				TargetAttributes = {
					404383122DC05A5300BE36C0 = {
						CreatedOnToolsVersion = 16.3;
					};
					404383202DC05A5400BE36C0 = {
						CreatedOnToolsVersion = 16.3;
						TestTargetID = 404383122DC05A5300BE36C0;
					};
					4043832A2DC05A5400BE36C0 = {
						CreatedOnToolsVersion = 16.3;
						TestTargetID = 404383122DC05A5300BE36C0;
					};
				};
			};
			buildConfigurationList = 4043830E2DC05A5300BE36C0 /* Build configuration list for PBXProject "hopscotch" */;
			developmentRegion = en;
			hasScannedForEncodings = 0;
			knownRegions = (
				en,
				Base,
			);
			mainGroup = 4043830A2DC05A5300BE36C0;
			minimizedProjectReferenceProxies = 1;
			preferredProjectObjectVersion = 77;
			productRefGroup = 404383142DC05A5300BE36C0 /* Products */;
			projectDirPath = "";
			projectRoot = "";
			targets = (
				404383122DC05A5300BE36C0 /* hopscotch */,
				404383202DC05A5400BE36C0 /* hopscotchTests */,
				4043832A2DC05A5400BE36C0 /* hopscotchUITests */,
			);
		};
/* End PBXProject section */

/* Begin PBXResourcesBuildPhase section */
		404383112DC05A5300BE36C0 /* Resources */ = {
			isa = PBXResourcesBuildPhase;
			buildActionMask = 2147483647;
			files = (
			);
			runOnlyForDeploymentPostprocessing = 0;
		};
		4043831F2DC05A5400BE36C0 /* Resources */ = {
			isa = PBXResourcesBuildPhase;
			buildActionMask = 2147483647;
			files = (
			);
			runOnlyForDeploymentPostprocessing = 0;
		};
		404383292DC05A5400BE36C0 /* Resources */ = {
			isa = PBXResourcesBuildPhase;
			buildActionMask = 2147483647;
			files = (
			);
			runOnlyForDeploymentPostprocessing = 0;
		};
/* End PBXResourcesBuildPhase section */

/* Begin PBXSourcesBuildPhase section */
		4043830F2DC05A5300BE36C0 /* Sources */ = {
			isa = PBXSourcesBuildPhase;
			buildActionMask = 2147483647;
			files = (
			);
			runOnlyForDeploymentPostprocessing = 0;
		};
		4043831D2DC05A5400BE36C0 /* Sources */ = {
			isa = PBXSourcesBuildPhase;
			buildActionMask = 2147483647;
			files = (
			);
			runOnlyForDeploymentPostprocessing = 0;
		};
		404383272DC05A5400BE36C0 /* Sources */ = {
			isa = PBXSourcesBuildPhase;
			buildActionMask = 2147483647;
			files = (
			);
			runOnlyForDeploymentPostprocessing = 0;
		};
/* End PBXSourcesBuildPhase section */

/* Begin PBXTargetDependency section */
		404383232DC05A5400BE36C0 /* PBXTargetDependency */ = {
			isa = PBXTargetDependency;
			target = 404383122DC05A5300BE36C0 /* hopscotch */;
			targetProxy = 404383222DC05A5400BE36C0 /* PBXContainerItemProxy */;
		};
		4043832D2DC05A5400BE36C0 /* PBXTargetDependency */ = {
			isa = PBXTargetDependency;
			target = 404383122DC05A5300BE36C0 /* hopscotch */;
			targetProxy = 4043832C2DC05A5400BE36C0 /* PBXContainerItemProxy */;
		};
/* End PBXTargetDependency section */

/* Begin XCBuildConfiguration section */
		404383332DC05A5400BE36C0 /* Debug */ = {
			isa = XCBuildConfiguration;
			buildSettings = {
				ALWAYS_SEARCH_USER_PATHS = NO;
				ASSETCATALOG_COMPILER_GENERATE_SWIFT_ASSET_SYMBOL_EXTENSIONS = YES;
				CLANG_ANALYZER_NONNULL = YES;
				CLANG_ANALYZER_NUMBER_OBJECT_CONVERSION = YES_AGGRESSIVE;
				CLANG_CXX_LANGUAGE_STANDARD = "gnu++20";
				CLANG_ENABLE_MODULES = YES;
				CLANG_ENABLE_OBJC_ARC = YES;
				CLANG_ENABLE_OBJC_WEAK = YES;
				CLANG_WARN_BLOCK_CAPTURE_AUTORELEASING = YES;
				CLANG_WARN_BOOL_CONVERSION = YES;
				CLANG_WARN_COMMA = YES;
				CLANG_WARN_CONSTANT_CONVERSION = YES;
				CLANG_WARN_DEPRECATED_OBJC_IMPLEMENTATIONS = YES;
				CLANG_WARN_DIRECT_OBJC_ISA_USAGE = YES_ERROR;
				CLANG_WARN_DOCUMENTATION_COMMENTS = YES;
				CLANG_WARN_EMPTY_BODY = YES;
				CLANG_WARN_ENUM_CONVERSION = YES;
				CLANG_WARN_INFINITE_RECURSION = YES;
				CLANG_WARN_INT_CONVERSION = YES;
				CLANG_WARN_NON_LITERAL_NULL_CONVERSION = YES;
				CLANG_WARN_OBJC_IMPLICIT_RETAIN_SELF = YES;
				CLANG_WARN_OBJC_LITERAL_CONVERSION = YES;
				CLANG_WARN_OBJC_ROOT_CLASS = YES_ERROR;
				CLANG_WARN_QUOTED_INCLUDE_IN_FRAMEWORK_HEADER = YES;
				CLANG_WARN_RANGE_LOOP_ANALYSIS = YES;
				CLANG_WARN_STRICT_PROTOTYPES = YES;
				CLANG_WARN_SUSPICIOUS_MOVE = YES;
				CLANG_WARN_UNGUARDED_AVAILABILITY = YES_AGGRESSIVE;
				CLANG_WARN_UNREACHABLE_CODE = YES;
				CLANG_WARN__DUPLICATE_METHOD_MATCH = YES;
				COPY_PHASE_STRIP = NO;
				DEBUG_INFORMATION_FORMAT = dwarf;
				ENABLE_STRICT_OBJC_MSGSEND = YES;
				ENABLE_TESTABILITY = YES;
				ENABLE_USER_SCRIPT_SANDBOXING = YES;
				GCC_C_LANGUAGE_STANDARD = gnu17;
				GCC_DYNAMIC_NO_PIC = NO;
				GCC_NO_COMMON_BLOCKS = YES;
				GCC_OPTIMIZATION_LEVEL = 0;
				GCC_PREPROCESSOR_DEFINITIONS = (
					"DEBUG=1",
					"$(inherited)",
				);
				GCC_WARN_64_TO_32_BIT_CONVERSION = YES;
				GCC_WARN_ABOUT_RETURN_TYPE = YES_ERROR;
				GCC_WARN_UNDECLARED_SELECTOR = YES;
				GCC_WARN_UNINITIALIZED_AUTOS = YES_AGGRESSIVE;
				GCC_WARN_UNUSED_FUNCTION = YES;
				GCC_WARN_UNUSED_VARIABLE = YES;
				LOCALIZATION_PREFERS_STRING_CATALOGS = YES;
				MACOSX_DEPLOYMENT_TARGET = 15.4;
				MTL_ENABLE_DEBUG_INFO = INCLUDE_SOURCE;
				MTL_FAST_MATH = YES;
				ONLY_ACTIVE_ARCH = YES;
				SDKROOT = macosx;
				SWIFT_ACTIVE_COMPILATION_CONDITIONS = "DEBUG $(inherited)";
				SWIFT_OPTIMIZATION_LEVEL = "-Onone";
			};
			name = Debug;
		};
		404383342DC05A5400BE36C0 /* Release */ = {
			isa = XCBuildConfiguration;
			buildSettings = {
				ALWAYS_SEARCH_USER_PATHS = NO;
				ASSETCATALOG_COMPILER_GENERATE_SWIFT_ASSET_SYMBOL_EXTENSIONS = YES;
				CLANG_ANALYZER_NONNULL = YES;
				CLANG_ANALYZER_NUMBER_OBJECT_CONVERSION = YES_AGGRESSIVE;
				CLANG_CXX_LANGUAGE_STANDARD = "gnu++20";
				CLANG_ENABLE_MODULES = YES;
				CLANG_ENABLE_OBJC_ARC = YES;
				CLANG_ENABLE_OBJC_WEAK = YES;
				CLANG_WARN_BLOCK_CAPTURE_AUTORELEASING = YES;
				CLANG_WARN_BOOL_CONVERSION = YES;
				CLANG_WARN_COMMA = YES;
				CLANG_WARN_CONSTANT_CONVERSION = YES;
				CLANG_WARN_DEPRECATED_OBJC_IMPLEMENTATIONS = YES;
				CLANG_WARN_DIRECT_OBJC_ISA_USAGE = YES_ERROR;
				CLANG_WARN_DOCUMENTATION_COMMENTS = YES;
				CLANG_WARN_EMPTY_BODY = YES;
				CLANG_WARN_ENUM_CONVERSION = YES;
				CLANG_WARN_INFINITE_RECURSION = YES;
				CLANG_WARN_INT_CONVERSION = YES;
				CLANG_WARN_NON_LITERAL_NULL_CONVERSION = YES;
				CLANG_WARN_OBJC_IMPLICIT_RETAIN_SELF = YES;
				CLANG_WARN_OBJC_LITERAL_CONVERSION = YES;
				CLANG_WARN_OBJC_ROOT_CLASS = YES_ERROR;
				CLANG_WARN_QUOTED_INCLUDE_IN_FRAMEWORK_HEADER = YES;
				CLANG_WARN_RANGE_LOOP_ANALYSIS = YES;
				CLANG_WARN_STRICT_PROTOTYPES = YES;
				CLANG_WARN_SUSPICIOUS_MOVE = YES;
				CLANG_WARN_UNGUARDED_AVAILABILITY = YES_AGGRESSIVE;
				CLANG_WARN_UNREACHABLE_CODE = YES;
				CLANG_WARN__DUPLICATE_METHOD_MATCH = YES;
				COPY_PHASE_STRIP = NO;
				DEBUG_INFORMATION_FORMAT = "dwarf-with-dsym";
				ENABLE_NS_ASSERTIONS = NO;
				ENABLE_STRICT_OBJC_MSGSEND = YES;
				ENABLE_USER_SCRIPT_SANDBOXING = YES;
				GCC_C_LANGUAGE_STANDARD = gnu17;
				GCC_NO_COMMON_BLOCKS = YES;
				GCC_WARN_64_TO_32_BIT_CONVERSION = YES;
				GCC_WARN_ABOUT_RETURN_TYPE = YES_ERROR;
				GCC_WARN_UNDECLARED_SELECTOR = YES;
				GCC_WARN_UNINITIALIZED_AUTOS = YES_AGGRESSIVE;
				GCC_WARN_UNUSED_FUNCTION = YES;
				GCC_WARN_UNUSED_VARIABLE = YES;
				LOCALIZATION_PREFERS_STRING_CATALOGS = YES;
				MACOSX_DEPLOYMENT_TARGET = 15.4;
				MTL_ENABLE_DEBUG_INFO = NO;
				MTL_FAST_MATH = YES;
				SDKROOT = macosx;
				SWIFT_COMPILATION_MODE = wholemodule;
			};
			name = Release;
		};
		404383362DC05A5400BE36C0 /* Debug */ = {
			isa = XCBuildConfiguration;
			buildSettings = {
				ASSETCATALOG_COMPILER_APPICON_NAME = AppIcon;
				ASSETCATALOG_COMPILER_GLOBAL_ACCENT_COLOR_NAME = AccentColor;
				CODE_SIGN_ENTITLEMENTS = hopscotch/hopscotch.entitlements;
				CODE_SIGN_STYLE = Automatic;
				COMBINE_HIDPI_IMAGES = YES;
				CURRENT_PROJECT_VERSION = 1;
				ENABLE_PREVIEWS = YES;
				GENERATE_INFOPLIST_FILE = YES;
				INFOPLIST_KEY_NSHumanReadableCopyright = "";
				LD_RUNPATH_SEARCH_PATHS = (
					"$(inherited)",
					"@executable_path/../Frameworks",
				);
				MARKETING_VERSION = 1.0;
				PRODUCT_BUNDLE_IDENTIFIER = "CoFounder-Labs.hopscotch";
				PRODUCT_NAME = "$(TARGET_NAME)";
				REGISTER_APP_GROUPS = YES;
				SWIFT_EMIT_LOC_STRINGS = YES;
				SWIFT_VERSION = 5.0;
			};
			name = Debug;
		};
		404383372DC05A5400BE36C0 /* Release */ = {
			isa = XCBuildConfiguration;
			buildSettings = {
				ASSETCATALOG_COMPILER_APPICON_NAME = AppIcon;
				ASSETCATALOG_COMPILER_GLOBAL_ACCENT_COLOR_NAME = AccentColor;
				CODE_SIGN_ENTITLEMENTS = hopscotch/hopscotch.entitlements;
				CODE_SIGN_STYLE = Automatic;
				COMBINE_HIDPI_IMAGES = YES;
				CURRENT_PROJECT_VERSION = 1;
				ENABLE_PREVIEWS = YES;
				GENERATE_INFOPLIST_FILE = YES;
				INFOPLIST_KEY_NSHumanReadableCopyright = "";
				LD_RUNPATH_SEARCH_PATHS = (
					"$(inherited)",
					"@executable_path/../Frameworks",
				);
				MARKETING_VERSION = 1.0;
				PRODUCT_BUNDLE_IDENTIFIER = "CoFounder-Labs.hopscotch";
				PRODUCT_NAME = "$(TARGET_NAME)";
				REGISTER_APP_GROUPS = YES;
				SWIFT_EMIT_LOC_STRINGS = YES;
				SWIFT_VERSION = 5.0;
			};
			name = Release;
		};
		404383392DC05A5400BE36C0 /* Debug */ = {
			isa = XCBuildConfiguration;
			buildSettings = {
				BUNDLE_LOADER = "$(TEST_HOST)";
				CODE_SIGN_STYLE = Automatic;
				CURRENT_PROJECT_VERSION = 1;
				GENERATE_INFOPLIST_FILE = YES;
				MACOSX_DEPLOYMENT_TARGET = 15.4;
				MARKETING_VERSION = 1.0;
				PRODUCT_BUNDLE_IDENTIFIER = "CoFounder-Labs.hopscotchTests";
				PRODUCT_NAME = "$(TARGET_NAME)";
				SWIFT_EMIT_LOC_STRINGS = NO;
				SWIFT_VERSION = 5.0;
				TEST_HOST = "$(BUILT_PRODUCTS_DIR)/hopscotch.app/$(BUNDLE_EXECUTABLE_FOLDER_PATH)/hopscotch";
			};
			name = Debug;
		};
		4043833A2DC05A5400BE36C0 /* Release */ = {
			isa = XCBuildConfiguration;
			buildSettings = {
				BUNDLE_LOADER = "$(TEST_HOST)";
				CODE_SIGN_STYLE = Automatic;
				CURRENT_PROJECT_VERSION = 1;
				GENERATE_INFOPLIST_FILE = YES;
				MACOSX_DEPLOYMENT_TARGET = 15.4;
				MARKETING_VERSION = 1.0;
				PRODUCT_BUNDLE_IDENTIFIER = "CoFounder-Labs.hopscotchTests";
				PRODUCT_NAME = "$(TARGET_NAME)";
				SWIFT_EMIT_LOC_STRINGS = NO;
				SWIFT_VERSION = 5.0;
				TEST_HOST = "$(BUILT_PRODUCTS_DIR)/hopscotch.app/$(BUNDLE_EXECUTABLE_FOLDER_PATH)/hopscotch";
			};
			name = Release;
		};
		4043833C2DC05A5400BE36C0 /* Debug */ = {
			isa = XCBuildConfiguration;
			buildSettings = {
				CODE_SIGN_STYLE = Automatic;
				CURRENT_PROJECT_VERSION = 1;
				GENERATE_INFOPLIST_FILE = YES;
				MARKETING_VERSION = 1.0;
				PRODUCT_BUNDLE_IDENTIFIER = "CoFounder-Labs.hopscotchUITests";
				PRODUCT_NAME = "$(TARGET_NAME)";
				SWIFT_EMIT_LOC_STRINGS = NO;
				SWIFT_VERSION = 5.0;
				TEST_TARGET_NAME = hopscotch;
			};
			name = Debug;
		};
		4043833D2DC05A5400BE36C0 /* Release */ = {
			isa = XCBuildConfiguration;
			buildSettings = {
				CODE_SIGN_STYLE = Automatic;
				CURRENT_PROJECT_VERSION = 1;
				GENERATE_INFOPLIST_FILE = YES;
				MARKETING_VERSION = 1.0;
				PRODUCT_BUNDLE_IDENTIFIER = "CoFounder-Labs.hopscotchUITests";
				PRODUCT_NAME = "$(TARGET_NAME)";
				SWIFT_EMIT_LOC_STRINGS = NO;
				SWIFT_VERSION = 5.0;
				TEST_TARGET_NAME = hopscotch;
			};
			name = Release;
		};
/* End XCBuildConfiguration section */

/* Begin XCConfigurationList section */
		4043830E2DC05A5300BE36C0 /* Build configuration list for PBXProject "hopscotch" */ = {
			isa = XCConfigurationList;
			buildConfigurations = (
				404383332DC05A5400BE36C0 /* Debug */,
				404383342DC05A5400BE36C0 /* Release */,
			);
			defaultConfigurationIsVisible = 0;
			defaultConfigurationName = Release;
		};
		404383352DC05A5400BE36C0 /* Build configuration list for PBXNativeTarget "hopscotch" */ = {
			isa = XCConfigurationList;
			buildConfigurations = (
				404383362DC05A5400BE36C0 /* Debug */,
				404383372DC05A5400BE36C0 /* Release */,
			);
			defaultConfigurationIsVisible = 0;
			defaultConfigurationName = Release;
		};
		404383382DC05A5400BE36C0 /* Build configuration list for PBXNativeTarget "hopscotchTests" */ = {
			isa = XCConfigurationList;
			buildConfigurations = (
				404383392DC05A5400BE36C0 /* Debug */,
				4043833A2DC05A5400BE36C0 /* Release */,
			);
			defaultConfigurationIsVisible = 0;
			defaultConfigurationName = Release;
		};
		4043833B2DC05A5400BE36C0 /* Build configuration list for PBXNativeTarget "hopscotchUITests" */ = {
			isa = XCConfigurationList;
			buildConfigurations = (
				4043833C2DC05A5400BE36C0 /* Debug */,
				4043833D2DC05A5400BE36C0 /* Release */,
			);
			defaultConfigurationIsVisible = 0;
			defaultConfigurationName = Release;
		};
/* End XCConfigurationList section */
	};
	rootObject = 4043830B2DC05A5300BE36C0 /* Project object */;
}
